
Microsoft Visual Studio Solution File, Format Version 12.00
# Visual Studio Express 14 for Windows Desktop
VisualStudioVersion = 14.0.25420.1
MinimumVisualStudioVersion = 10.0.40219.1
Project("{FAE04EC0-301F-11D3-BF4B-00C04F79EFBC}") = "TestApp06", "TestApp06\TestApp06.csproj", "{2CD6E288-54E4-411D-8836-C12F313B67F8}"
EndProject
Global
	GlobalSection(SolutionConfigurationPlatforms) = preSolution
		Debug|Any CPU = Debug|Any CPU
		Release|Any CPU = Release|Any CPU
	EndGlobalSection
	GlobalSection(ProjectConfigurationPlatforms) = postSolution
		{2CD6E288-54E4-411D-8836-C12F313B67F8}.Debug|Any CPU.ActiveCfg = Debug|Any CPU
		{2CD6E288-54E4-411D-8836-C12F313B67F8}.Debug|Any CPU.Build.0 = Debug|Any CPU
		{2CD6E288-54E4-411D-8836-C12F313B67F8}.Release|Any CPU.ActiveCfg = Release|Any CPU
		{2CD6E288-54E4-411D-8836-C12F313B67F8}.Release|Any CPU.Build.0 = Release|Any CPU
	EndGlobalSection
	GlobalSection(SolutionProperties) = preSolution
		HideSolutionNode = FALSE
	EndGlobalSection
EndGlobal
